
Microsoft Visual Studio Solution File, Format Version 12.00
# Visual Studio Version 16
VisualStudioVersion = 16.0.30204.135
MinimumVisualStudioVersion = 10.0.40219.1
Project("{FAE04EC0-301F-11D3-BF4B-00C04F79EFBC}") = "PortalSend", "PortalSend\PortalSend.csproj", "{D18CF6A6-F95A-4C67-AB90-6D2278C2CEA4}"
EndProject
Project("{FAE04EC0-301F-11D3-BF4B-00C04F79EFBC}") = "TestApp", "TestApp\TestApp.csproj", "{5CCDF7AF-C3CC-464F-B88E-F3BB611A1EB8}"
EndProject
Global
	GlobalSection(SolutionConfigurationPlatforms) = preSolution
		Debug|Any CPU = Debug|Any CPU
		Release|Any CPU = Release|Any CPU
	EndGlobalSection
	GlobalSection(ProjectConfigurationPlatforms) = postSolution
		{D18CF6A6-F95A-4C67-AB90-6D2278C2CEA4}.Debug|Any CPU.ActiveCfg = Debug|Any CPU
		{D18CF6A6-F95A-4C67-AB90-6D2278C2CEA4}.Debug|Any CPU.Build.0 = Debug|Any CPU
		{D18CF6A6-F95A-4C67-AB90-6D2278C2CEA4}.Release|Any CPU.ActiveCfg = Release|Any CPU
		{D18CF6A6-F95A-4C67-AB90-6D2278C2CEA4}.Release|Any CPU.Build.0 = Release|Any CPU
		{5CCDF7AF-C3CC-464F-B88E-F3BB611A1EB8}.Debug|Any CPU.ActiveCfg = Debug|Any CPU
		{5CCDF7AF-C3CC-464F-B88E-F3BB611A1EB8}.Debug|Any CPU.Build.0 = Debug|Any CPU
		{5CCDF7AF-C3CC-464F-B88E-F3BB611A1EB8}.Release|Any CPU.ActiveCfg = Release|Any CPU
		{5CCDF7AF-C3CC-464F-B88E-F3BB611A1EB8}.Release|Any CPU.Build.0 = Release|Any CPU
	EndGlobalSection
	GlobalSection(SolutionProperties) = preSolution
		HideSolutionNode = FALSE
	EndGlobalSection
	GlobalSection(ExtensibilityGlobals) = postSolution
		SolutionGuid = {49A0714C-A3B8-4202-8F93-9812B981412C}
	EndGlobalSection
EndGlobal
